
Microsoft Visual Studio Solution File, Format Version 12.00
# Visual Studio Version 17
VisualStudioVersion = 17.0.32112.339
MinimumVisualStudioVersion = 10.0.40219.1
Project("{9A19103F-16F7-4668-BE54-9A1E7A4F7556}") = "KołoTumak.PortalWWW", "KołoTumak.PortalWWW.csproj", "{4A55F16A-02F0-4821-9E53-CF5524142CFB}"
EndProject
Project("{9A19103F-16F7-4668-BE54-9A1E7A4F7556}") = "KoloTumak.Intranet", "..\KoloTumak.Intranet\KoloTumak.Intranet.csproj", "{59F5BCE8-5A01-4DAB-9385-9FA3ED54842C}"
EndProject
Project("{FAE04EC0-301F-11D3-BF4B-00C04F79EFBC}") = "KoloTumak.Data", "..\KoloTumak.Data\KoloTumak.Data.csproj", "{91F142AD-98B4-4F55-81C6-9DC7E7EB25D9}"
EndProject
Global
	GlobalSection(SolutionConfigurationPlatforms) = preSolution
		Debug|Any CPU = Debug|Any CPU
		Release|Any CPU = Release|Any CPU
	EndGlobalSection
	GlobalSection(ProjectConfigurationPlatforms) = postSolution
		{4A55F16A-02F0-4821-9E53-CF5524142CFB}.Debug|Any CPU.ActiveCfg = Debug|Any CPU
		{4A55F16A-02F0-4821-9E53-CF5524142CFB}.Debug|Any CPU.Build.0 = Debug|Any CPU
		{4A55F16A-02F0-4821-9E53-CF5524142CFB}.Release|Any CPU.ActiveCfg = Release|Any CPU
		{4A55F16A-02F0-4821-9E53-CF5524142CFB}.Release|Any CPU.Build.0 = Release|Any CPU
		{59F5BCE8-5A01-4DAB-9385-9FA3ED54842C}.Debug|Any CPU.ActiveCfg = Debug|Any CPU
		{59F5BCE8-5A01-4DAB-9385-9FA3ED54842C}.Debug|Any CPU.Build.0 = Debug|Any CPU
		{59F5BCE8-5A01-4DAB-9385-9FA3ED54842C}.Release|Any CPU.ActiveCfg = Release|Any CPU
		{59F5BCE8-5A01-4DAB-9385-9FA3ED54842C}.Release|Any CPU.Build.0 = Release|Any CPU
		{91F142AD-98B4-4F55-81C6-9DC7E7EB25D9}.Debug|Any CPU.ActiveCfg = Debug|Any CPU
		{91F142AD-98B4-4F55-81C6-9DC7E7EB25D9}.Debug|Any CPU.Build.0 = Debug|Any CPU
		{91F142AD-98B4-4F55-81C6-9DC7E7EB25D9}.Release|Any CPU.ActiveCfg = Release|Any CPU
		{91F142AD-98B4-4F55-81C6-9DC7E7EB25D9}.Release|Any CPU.Build.0 = Release|Any CPU
	EndGlobalSection
	GlobalSection(SolutionProperties) = preSolution
		HideSolutionNode = FALSE
	EndGlobalSection
	GlobalSection(ExtensibilityGlobals) = postSolution
		SolutionGuid = {5C6B45CC-9205-45B4-81F0-253ED485BD88}
	EndGlobalSection
EndGlobal
